
Microsoft Visual Studio Solution File, Format Version 12.00
# Visual Studio Version 16
VisualStudioVersion = 16.0.30204.135
MinimumVisualStudioVersion = 10.0.40219.1
Project("{FAE04EC0-301F-11D3-BF4B-00C04F79EFBC}") = "DoAn", "DoAn\DoAn.csproj", "{9BCA80C7-7BE8-4CFD-A3E3-EA674F4B556A}"
EndProject
Global
	GlobalSection(SolutionConfigurationPlatforms) = preSolution
		Debug|Any CPU = Debug|Any CPU
		Release|Any CPU = Release|Any CPU
	EndGlobalSection
	GlobalSection(ProjectConfigurationPlatforms) = postSolution
		{9BCA80C7-7BE8-4CFD-A3E3-EA674F4B556A}.Debug|Any CPU.ActiveCfg = Debug|Any CPU
		{9BCA80C7-7BE8-4CFD-A3E3-EA674F4B556A}.Debug|Any CPU.Build.0 = Debug|Any CPU
		{9BCA80C7-7BE8-4CFD-A3E3-EA674F4B556A}.Release|Any CPU.ActiveCfg = Release|Any CPU
		{9BCA80C7-7BE8-4CFD-A3E3-EA674F4B556A}.Release|Any CPU.Build.0 = Release|Any CPU
	EndGlobalSection
	GlobalSection(SolutionProperties) = preSolution
		HideSolutionNode = FALSE
	EndGlobalSection
	GlobalSection(ExtensibilityGlobals) = postSolution
		SolutionGuid = {574013C2-ED5D-48B0-AF6E-709931B232AB}
	EndGlobalSection
EndGlobal
